// !$*UTF8*$!
{
	archiveVersion = 1;
	classes = {
	};
	objectVersion = 46;
	objects = {

/* Begin PBXBuildFile section */
		188C2C7B13FEAF4500B29F22 /* JSONKit.h in Headers */ = {isa = PBXBuildFile; fileRef = 188C2C6F13FEAF4500B29F22 /* JSONKit.h */; };
		188C2C7C13FEAF4500B29F22 /* JSONKit.m in Sources */ = {isa = PBXBuildFile; fileRef = 188C2C7013FEAF4500B29F22 /* JSONKit.m */; };
		188C2C7D13FEAF4500B29F22 /* TSRestClient.h in Headers */ = {isa = PBXBuildFile; fileRef = 188C2C7113FEAF4500B29F22 /* TSRestClient.h */; };
		188C2C7E13FEAF4500B29F22 /* TSRestClient.m in Sources */ = {isa = PBXBuildFile; fileRef = 188C2C7213FEAF4500B29F22 /* TSRestClient.m */; };
		188C2C7F13FEAF4500B29F22 /* TSRestClientDelegate.h in Headers */ = {isa = PBXBuildFile; fileRef = 188C2C7313FEAF4500B29F22 /* TSRestClientDelegate.h */; };
		188C2C8013FEAF4500B29F22 /* TSStatus.h in Headers */ = {isa = PBXBuildFile; fileRef = 188C2C7413FEAF4500B29F22 /* TSStatus.h */; };
		188C2C8113FEAF4500B29F22 /* TSStatus.m in Sources */ = {isa = PBXBuildFile; fileRef = 188C2C7513FEAF4500B29F22 /* TSStatus.m */; };
		188C2C8213FEAF4500B29F22 /* TSMediaInfo.h in Headers */ = {isa = PBXBuildFile; fileRef = 188C2C7613FEAF4500B29F22 /* TSMediaInfo.h */; };
		188C2C8313FEAF4500B29F22 /* TSMediaInfo.m in Sources */ = {isa = PBXBuildFile; fileRef = 188C2C7713FEAF4500B29F22 /* TSMediaInfo.m */; };
		188C2C8413FEAF4500B29F22 /* TSRestOperation.h in Headers */ = {isa = PBXBuildFile; fileRef = 188C2C7813FEAF4500B29F22 /* TSRestOperation.h */; };
		188C2C8513FEAF4500B29F22 /* TSRestOperation.m in Sources */ = {isa = PBXBuildFile; fileRef = 188C2C7913FEAF4500B29F22 /* TSRestOperation.m */; };
		188C2C8613FEAF4500B29F22 /* TelesocialSDK.h in Headers */ = {isa = PBXBuildFile; fileRef = 188C2C7A13FEAF4500B29F22 /* TelesocialSDK.h */; };
		AA747D9F0F9514B9006C5449 /* TelesocialSDK_Prefix.pch in Headers */ = {isa = PBXBuildFile; fileRef = AA747D9E0F9514B9006C5449 /* TelesocialSDK_Prefix.pch */; };
		AACBBE4A0F95108600F1A2B1 /* Foundation.framework in Frameworks */ = {isa = PBXBuildFile; fileRef = AACBBE490F95108600F1A2B1 /* Foundation.framework */; };
/* End PBXBuildFile section */

/* Begin PBXFileReference section */
		188C2C6F13FEAF4500B29F22 /* JSONKit.h */ = {isa = PBXFileReference; fileEncoding = 4; lastKnownFileType = sourcecode.c.h; path = JSONKit.h; sourceTree = "<group>"; };
		188C2C7013FEAF4500B29F22 /* JSONKit.m */ = {isa = PBXFileReference; fileEncoding = 4; lastKnownFileType = sourcecode.c.objc; path = JSONKit.m; sourceTree = "<group>"; };
		188C2C7113FEAF4500B29F22 /* TSRestClient.h */ = {isa = PBXFileReference; fileEncoding = 4; lastKnownFileType = sourcecode.c.h; path = TSRestClient.h; sourceTree = "<group>"; };
		188C2C7213FEAF4500B29F22 /* TSRestClient.m */ = {isa = PBXFileReference; fileEncoding = 4; lastKnownFileType = sourcecode.c.objc; path = TSRestClient.m; sourceTree = "<group>"; };
		188C2C7313FEAF4500B29F22 /* TSRestClientDelegate.h */ = {isa = PBXFileReference; fileEncoding = 4; lastKnownFileType = sourcecode.c.h; path = TSRestClientDelegate.h; sourceTree = "<group>"; };
		188C2C7413FEAF4500B29F22 /* TSStatus.h */ = {isa = PBXFileReference; fileEncoding = 4; lastKnownFileType = sourcecode.c.h; path = TSStatus.h; sourceTree = "<group>"; };
		188C2C7513FEAF4500B29F22 /* TSStatus.m */ = {isa = PBXFileReference; fileEncoding = 4; lastKnownFileType = sourcecode.c.objc; path = TSStatus.m; sourceTree = "<group>"; };
		188C2C7613FEAF4500B29F22 /* TSMediaInfo.h */ = {isa = PBXFileReference; fileEncoding = 4; lastKnownFileType = sourcecode.c.h; path = TSMediaInfo.h; sourceTree = "<group>"; };
		188C2C7713FEAF4500B29F22 /* TSMediaInfo.m */ = {isa = PBXFileReference; fileEncoding = 4; lastKnownFileType = sourcecode.c.objc; path = TSMediaInfo.m; sourceTree = "<group>"; };
		188C2C7813FEAF4500B29F22 /* TSRestOperation.h */ = {isa = PBXFileReference; fileEncoding = 4; lastKnownFileType = sourcecode.c.h; path = TSRestOperation.h; sourceTree = "<group>"; };
		188C2C7913FEAF4500B29F22 /* TSRestOperation.m */ = {isa = PBXFileReference; fileEncoding = 4; lastKnownFileType = sourcecode.c.objc; path = TSRestOperation.m; sourceTree = "<group>"; };
		188C2C7A13FEAF4500B29F22 /* TelesocialSDK.h */ = {isa = PBXFileReference; fileEncoding = 4; lastKnownFileType = sourcecode.c.h; path = TelesocialSDK.h; sourceTree = "<group>"; };
		AA747D9E0F9514B9006C5449 /* TelesocialSDK_Prefix.pch */ = {isa = PBXFileReference; fileEncoding = 4; lastKnownFileType = sourcecode.c.h; path = TelesocialSDK_Prefix.pch; sourceTree = SOURCE_ROOT; };
		AACBBE490F95108600F1A2B1 /* Foundation.framework */ = {isa = PBXFileReference; lastKnownFileType = wrapper.framework; name = Foundation.framework; path = System/Library/Frameworks/Foundation.framework; sourceTree = SDKROOT; };
		D2AAC07E0554694100DB518D /* libTelesocialSDK.a */ = {isa = PBXFileReference; explicitFileType = archive.ar; includeInIndex = 0; path = libTelesocialSDK.a; sourceTree = BUILT_PRODUCTS_DIR; };
/* End PBXFileReference section */

/* Begin PBXFrameworksBuildPhase section */
		D2AAC07C0554694100DB518D /* Frameworks */ = {
			isa = PBXFrameworksBuildPhase;
			buildActionMask = 2147483647;
			files = (
				AACBBE4A0F95108600F1A2B1 /* Foundation.framework in Frameworks */,
			);
			runOnlyForDeploymentPostprocessing = 0;
		};
/* End PBXFrameworksBuildPhase section */

/* Begin PBXGroup section */
		034768DFFF38A50411DB9C8B /* Products */ = {
			isa = PBXGroup;
			children = (
				D2AAC07E0554694100DB518D /* libTelesocialSDK.a */,
			);
			name = Products;
			sourceTree = "<group>";
		};
		0867D691FE84028FC02AAC07 /* TelesocialSDK */ = {
			isa = PBXGroup;
			children = (
				08FB77AEFE84172EC02AAC07 /* Classes */,
				32C88DFF0371C24200C91783 /* Other Sources */,
				0867D69AFE84028FC02AAC07 /* Frameworks */,
				034768DFFF38A50411DB9C8B /* Products */,
			);
			name = TelesocialSDK;
			sourceTree = "<group>";
		};
		0867D69AFE84028FC02AAC07 /* Frameworks */ = {
			isa = PBXGroup;
			children = (
				AACBBE490F95108600F1A2B1 /* Foundation.framework */,
			);
			name = Frameworks;
			sourceTree = "<group>";
		};
		08FB77AEFE84172EC02AAC07 /* Classes */ = {
			isa = PBXGroup;
			children = (
				188C2C6E13FEAF4500B29F22 /* External */,
				188C2C7113FEAF4500B29F22 /* TSRestClient.h */,
				188C2C7213FEAF4500B29F22 /* TSRestClient.m */,
				188C2C7313FEAF4500B29F22 /* TSRestClientDelegate.h */,
				188C2C7413FEAF4500B29F22 /* TSStatus.h */,
				188C2C7513FEAF4500B29F22 /* TSStatus.m */,
				188C2C7613FEAF4500B29F22 /* TSMediaInfo.h */,
				188C2C7713FEAF4500B29F22 /* TSMediaInfo.m */,
				188C2C7813FEAF4500B29F22 /* TSRestOperation.h */,
				188C2C7913FEAF4500B29F22 /* TSRestOperation.m */,
				188C2C7A13FEAF4500B29F22 /* TelesocialSDK.h */,
			);
			name = Classes;
			sourceTree = "<group>";
		};
		188C2C6E13FEAF4500B29F22 /* External */ = {
			isa = PBXGroup;
			children = (
				188C2C6F13FEAF4500B29F22 /* JSONKit.h */,
				188C2C7013FEAF4500B29F22 /* JSONKit.m */,
			);
			path = External;
			sourceTree = "<group>";
		};
		32C88DFF0371C24200C91783 /* Other Sources */ = {
			isa = PBXGroup;
			children = (
				AA747D9E0F9514B9006C5449 /* TelesocialSDK_Prefix.pch */,
			);
			name = "Other Sources";
			sourceTree = "<group>";
		};
/* End PBXGroup section */

/* Begin PBXHeadersBuildPhase section */
		D2AAC07A0554694100DB518D /* Headers */ = {
			isa = PBXHeadersBuildPhase;
			buildActionMask = 2147483647;
			files = (
				AA747D9F0F9514B9006C5449 /* TelesocialSDK_Prefix.pch in Headers */,
				188C2C7B13FEAF4500B29F22 /* JSONKit.h in Headers */,
				188C2C7D13FEAF4500B29F22 /* TSRestClient.h in Headers */,
				188C2C7F13FEAF4500B29F22 /* TSRestClientDelegate.h in Headers */,
				188C2C8013FEAF4500B29F22 /* TSStatus.h in Headers */,
				188C2C8213FEAF4500B29F22 /* TSMediaInfo.h in Headers */,
				188C2C8413FEAF4500B29F22 /* TSRestOperation.h in Headers */,
				188C2C8613FEAF4500B29F22 /* TelesocialSDK.h in Headers */,
			);
			runOnlyForDeploymentPostprocessing = 0;
		};
/* End PBXHeadersBuildPhase section */

/* Begin PBXNativeTarget section */
		D2AAC07D0554694100DB518D /* TelesocialSDK */ = {
			isa = PBXNativeTarget;
			buildConfigurationList = 1DEB921E08733DC00010E9CD /* Build configuration list for PBXNativeTarget "TelesocialSDK" */;
			buildPhases = (
				D2AAC07A0554694100DB518D /* Headers */,
				D2AAC07B0554694100DB518D /* Sources */,
				D2AAC07C0554694100DB518D /* Frameworks */,
			);
			buildRules = (
			);
			dependencies = (
			);
			name = TelesocialSDK;
			productName = TelesocialSDK;
			productReference = D2AAC07E0554694100DB518D /* libTelesocialSDK.a */;
			productType = "com.apple.product-type.library.static";
		};
/* End PBXNativeTarget section */

/* Begin PBXProject section */
		0867D690FE84028FC02AAC07 /* Project object */ = {
			isa = PBXProject;
			buildConfigurationList = 1DEB922208733DC00010E9CD /* Build configuration list for PBXProject "TelesocialSDK" */;
			compatibilityVersion = "Xcode 3.2";
			developmentRegion = English;
			hasScannedForEncodings = 1;
			knownRegions = (
				English,
				Japanese,
				French,
				German,
			);
			mainGroup = 0867D691FE84028FC02AAC07 /* TelesocialSDK */;
			productRefGroup = 034768DFFF38A50411DB9C8B /* Products */;
			projectDirPath = "";
			projectRoot = "";
			targets = (
				D2AAC07D0554694100DB518D /* TelesocialSDK */,
			);
		};
/* End PBXProject section */

/* Begin PBXSourcesBuildPhase section */
		D2AAC07B0554694100DB518D /* Sources */ = {
			isa = PBXSourcesBuildPhase;
			buildActionMask = 2147483647;
			files = (
				188C2C7C13FEAF4500B29F22 /* JSONKit.m in Sources */,
				188C2C7E13FEAF4500B29F22 /* TSRestClient.m in Sources */,
				188C2C8113FEAF4500B29F22 /* TSStatus.m in Sources */,
				188C2C8313FEAF4500B29F22 /* TSMediaInfo.m in Sources */,
				188C2C8513FEAF4500B29F22 /* TSRestOperation.m in Sources */,
			);
			runOnlyForDeploymentPostprocessing = 0;
		};
/* End PBXSourcesBuildPhase section */

/* Begin XCBuildConfiguration section */
		1DEB921F08733DC00010E9CD /* Debug */ = {
			isa = XCBuildConfiguration;
			buildSettings = {
				ALWAYS_SEARCH_USER_PATHS = NO;
				ARCHS = "$(ARCHS_STANDARD_32_BIT)";
				COPY_PHASE_STRIP = NO;
				DSTROOT = /tmp/TelesocialSDK.dst;
				GCC_DYNAMIC_NO_PIC = NO;
				GCC_ENABLE_FIX_AND_CONTINUE = YES;
				GCC_MODEL_TUNING = G5;
				GCC_OPTIMIZATION_LEVEL = 0;
				GCC_PRECOMPILE_PREFIX_HEADER = YES;
				GCC_PREFIX_HEADER = TelesocialSDK_Prefix.pch;
				INSTALL_PATH = /usr/local/lib;
				PRODUCT_NAME = TelesocialSDK;
			};
			name = Debug;
		};
		1DEB922008733DC00010E9CD /* Release */ = {
			isa = XCBuildConfiguration;
			buildSettings = {
				ALWAYS_SEARCH_USER_PATHS = NO;
				ARCHS = "$(ARCHS_STANDARD_32_BIT)";
				DSTROOT = /tmp/TelesocialSDK.dst;
				GCC_MODEL_TUNING = G5;
				GCC_PRECOMPILE_PREFIX_HEADER = YES;
				GCC_PREFIX_HEADER = TelesocialSDK_Prefix.pch;
				INSTALL_PATH = /usr/local/lib;
				PRODUCT_NAME = TelesocialSDK;
			};
			name = Release;
		};
		1DEB922308733DC00010E9CD /* Debug */ = {
			isa = XCBuildConfiguration;
			buildSettings = {
				ARCHS = "$(ARCHS_STANDARD_32_BIT)";
				GCC_C_LANGUAGE_STANDARD = c99;
				GCC_OPTIMIZATION_LEVEL = 0;
				GCC_WARN_ABOUT_RETURN_TYPE = YES;
				GCC_WARN_UNUSED_VARIABLE = YES;
				OTHER_LDFLAGS = "-ObjC";
				PREBINDING = NO;
				SDKROOT = iphoneos;
			};
			name = Debug;
		};
		1DEB922408733DC00010E9CD /* Release */ = {
			isa = XCBuildConfiguration;
			buildSettings = {
				ARCHS = "$(ARCHS_STANDARD_32_BIT)";
				GCC_C_LANGUAGE_STANDARD = c99;
				GCC_WARN_ABOUT_RETURN_TYPE = YES;
				GCC_WARN_UNUSED_VARIABLE = YES;
				OTHER_LDFLAGS = "-ObjC";
				PREBINDING = NO;
				SDKROOT = iphoneos;
			};
			name = Release;
		};
/* End XCBuildConfiguration section */

/* Begin XCConfigurationList section */
		1DEB921E08733DC00010E9CD /* Build configuration list for PBXNativeTarget "TelesocialSDK" */ = {
			isa = XCConfigurationList;
			buildConfigurations = (
				1DEB921F08733DC00010E9CD /* Debug */,
				1DEB922008733DC00010E9CD /* Release */,
			);
			defaultConfigurationIsVisible = 0;
			defaultConfigurationName = Release;
		};
		1DEB922208733DC00010E9CD /* Build configuration list for PBXProject "TelesocialSDK" */ = {
			isa = XCConfigurationList;
			buildConfigurations = (
				1DEB922308733DC00010E9CD /* Debug */,
				1DEB922408733DC00010E9CD /* Release */,
			);
			defaultConfigurationIsVisible = 0;
			defaultConfigurationName = Release;
		};
/* End XCConfigurationList section */
	};
	rootObject = 0867D690FE84028FC02AAC07 /* Project object */;
}
